Microsoft Visual Studio Solution File, Format Version 12.00
# Visual Studio Version 17
VisualStudioVersion = 17.5.2.0
MinimumVisualStudioVersion = 10.0.40219.1
Project("{FAE04EC0-301F-11D3-BF4B-00C04F79EFBC}") = "courseLinkApp", "courseLinkApp.csproj", "{FA060D85-F97B-298F-0854-F9BB46AF42F8}"
EndProject
Global
	GlobalSection(SolutionConfigurationPlatforms) = preSolution
		Debug|Any CPU = Debug|Any CPU
		Release|Any CPU = Release|Any CPU
	EndGlobalSection
	GlobalSection(ProjectConfigurationPlatforms) = postSolution
		{FA060D85-F97B-298F-0854-F9BB46AF42F8}.Debug|Any CPU.ActiveCfg = Debug|Any CPU
		{FA060D85-F97B-298F-0854-F9BB46AF42F8}.Debug|Any CPU.Build.0 = Debug|Any CPU
		{FA060D85-F97B-298F-0854-F9BB46AF42F8}.Release|Any CPU.ActiveCfg = Release|Any CPU
		{FA060D85-F97B-298F-0854-F9BB46AF42F8}.Release|Any CPU.Build.0 = Release|Any CPU
	EndGlobalSection
	GlobalSection(SolutionProperties) = preSolution
		HideSolutionNode = FALSE
	EndGlobalSection
	GlobalSection(ExtensibilityGlobals) = postSolution
		SolutionGuid = {4A697777-7851-46D3-B8B3-36DE18C9DED4}
	EndGlobalSection
EndGlobal
